{
  "name": "llama-api",
  "lockfileVersion": 3,
  "requires": true,
  "packages": {
    "": {
      "dependencies": {
        "llama-api-client": "^0.1.0"
      }
    },
    "node_modules/llama-api-client": {
      "version": "0.1.0",
      "resolved": "https://registry.npmjs.org/llama-api-client/-/llama-api-client-0.1.0.tgz",
      "integrity": "sha512-9iOsqduNppuZrKnI+Qy6TuGqE9u6LxG1n/jePE9rUe9oyE/84X1ZgfYPxvI/z55n2l6PG6A1c/BS34uHNqScbw=="
    }
  }
}
